
Microsoft Visual Studio Solution File, Format Version 12.00
# Visual Studio 15
VisualStudioVersion = 15.0.28307.102
MinimumVisualStudioVersion = 10.0.40219.1
Project("{FAE04EC0-301F-11D3-BF4B-00C04F79EFBC}") = "GadgetWorld", "GadgetWorld\GadgetWorld.csproj", "{FED08273-B310-4E76-A27F-7557B538FDB9}"
EndProject
Global
	GlobalSection(SolutionConfigurationPlatforms) = preSolution
		Debug|Any CPU = Debug|Any CPU
		Release|Any CPU = Release|Any CPU
	EndGlobalSection
	GlobalSection(ProjectConfigurationPlatforms) = postSolution
		{FED08273-B310-4E76-A27F-7557B538FDB9}.Debug|Any CPU.ActiveCfg = Debug|Any CPU
		{FED08273-B310-4E76-A27F-7557B538FDB9}.Debug|Any CPU.Build.0 = Debug|Any CPU
		{FED08273-B310-4E76-A27F-7557B538FDB9}.Release|Any CPU.ActiveCfg = Release|Any CPU
		{FED08273-B310-4E76-A27F-7557B538FDB9}.Release|Any CPU.Build.0 = Release|Any CPU
	EndGlobalSection
	GlobalSection(SolutionProperties) = preSolution
		HideSolutionNode = FALSE
	EndGlobalSection
	GlobalSection(ExtensibilityGlobals) = postSolution
		SolutionGuid = {1D92C67E-5902-4DBB-872C-F89CA3F598E5}
	EndGlobalSection
EndGlobal
